
Microsoft Visual Studio Solution File, Format Version 12.00
# Visual Studio Version 17
VisualStudioVersion = 17.13.35919.96
MinimumVisualStudioVersion = 10.0.40219.1
Project("{2150E333-8FDC-42A3-9474-1A3956D46DE8}") = "Apps", "Apps", "{02EA681E-C7D8-13C7-8484-4AC65E1B71E8}"
EndProject
Project("{2150E333-8FDC-42A3-9474-1A3956D46DE8}") = "Model", "Model", "{D62CB65D-ADA1-4722-A929-1756BB38D243}"
EndProject
Project("{2150E333-8FDC-42A3-9474-1A3956D46DE8}") = "Core", "Core", "{89D3B44C-6E1D-49FE-833C-CE62B3958533}"
EndProject
Project("{2150E333-8FDC-42A3-9474-1A3956D46DE8}") = "Business", "Business", "{884CCD0A-3132-4850-AE40-0D3D28BF372B}"
EndProject
Project("{FAE04EC0-301F-11D3-BF4B-00C04F79EFBC}") = "Service", "Service\Service.csproj", "{FD85528F-97DA-4E18-848A-B83D7EADED12}"
EndProject
Project("{FAE04EC0-301F-11D3-BF4B-00C04F79EFBC}") = "Tool", "Tool\Tool.csproj", "{9B71B081-9C4C-467E-9F35-B9B940541849}"
EndProject
Project("{FAE04EC0-301F-11D3-BF4B-00C04F79EFBC}") = "DataFactory", "DataFactory\DataFactory.csproj", "{F7F316F3-C99C-4737-B648-50B608029601}"
EndProject
Project("{FAE04EC0-301F-11D3-BF4B-00C04F79EFBC}") = "Model", "Model\Model.csproj", "{8F6E3A00-8115-4EB5-8A5B-C08B3FB00911}"
EndProject
Project("{FAE04EC0-301F-11D3-BF4B-00C04F79EFBC}") = "TechCenter.Home", "TechCenter.Home\TechCenter.Home.csproj", "{AC906098-BD72-4042-9669-75C3979DEA29}"
EndProject
Project("{2150E333-8FDC-42A3-9474-1A3956D46DE8}") = "App", "App", "{CBF37732-EF38-47EE-85CE-1DD6BF968C86}"
EndProject
Project("{2150E333-8FDC-42A3-9474-1A3956D46DE8}") = "QL", "QL", "{909A2A47-A8DB-4E96-B00B-89C5FEFC5F2F}"
EndProject
Project("{FAE04EC0-301F-11D3-BF4B-00C04F79EFBC}") = "QL.PreAssembled", "QL.PreAssembled\QL.PreAssembled.csproj", "{44F7FE2A-C6CD-4186-8CA1-7A80579D9D42}"
EndProject
Global
	GlobalSection(SolutionConfigurationPlatforms) = preSolution
		Debug|Any CPU = Debug|Any CPU
		Release|Any CPU = Release|Any CPU
	EndGlobalSection
	GlobalSection(ProjectConfigurationPlatforms) = postSolution
		{FD85528F-97DA-4E18-848A-B83D7EADED12}.Debug|Any CPU.ActiveCfg = Debug|Any CPU
		{FD85528F-97DA-4E18-848A-B83D7EADED12}.Debug|Any CPU.Build.0 = Debug|Any CPU
		{FD85528F-97DA-4E18-848A-B83D7EADED12}.Release|Any CPU.ActiveCfg = Release|Any CPU
		{FD85528F-97DA-4E18-848A-B83D7EADED12}.Release|Any CPU.Build.0 = Release|Any CPU
		{9B71B081-9C4C-467E-9F35-B9B940541849}.Debug|Any CPU.ActiveCfg = Debug|Any CPU
		{9B71B081-9C4C-467E-9F35-B9B940541849}.Debug|Any CPU.Build.0 = Debug|Any CPU
		{9B71B081-9C4C-467E-9F35-B9B940541849}.Release|Any CPU.ActiveCfg = Release|Any CPU
		{9B71B081-9C4C-467E-9F35-B9B940541849}.Release|Any CPU.Build.0 = Release|Any CPU
		{F7F316F3-C99C-4737-B648-50B608029601}.Debug|Any CPU.ActiveCfg = Debug|Any CPU
		{F7F316F3-C99C-4737-B648-50B608029601}.Debug|Any CPU.Build.0 = Debug|Any CPU
		{F7F316F3-C99C-4737-B648-50B608029601}.Release|Any CPU.ActiveCfg = Release|Any CPU
		{F7F316F3-C99C-4737-B648-50B608029601}.Release|Any CPU.Build.0 = Release|Any CPU
		{8F6E3A00-8115-4EB5-8A5B-C08B3FB00911}.Debug|Any CPU.ActiveCfg = Debug|Any CPU
		{8F6E3A00-8115-4EB5-8A5B-C08B3FB00911}.Debug|Any CPU.Build.0 = Debug|Any CPU
		{8F6E3A00-8115-4EB5-8A5B-C08B3FB00911}.Release|Any CPU.ActiveCfg = Release|Any CPU
		{8F6E3A00-8115-4EB5-8A5B-C08B3FB00911}.Release|Any CPU.Build.0 = Release|Any CPU
		{AC906098-BD72-4042-9669-75C3979DEA29}.Debug|Any CPU.ActiveCfg = Debug|Any CPU
		{AC906098-BD72-4042-9669-75C3979DEA29}.Debug|Any CPU.Build.0 = Debug|Any CPU
		{AC906098-BD72-4042-9669-75C3979DEA29}.Release|Any CPU.ActiveCfg = Release|Any CPU
		{AC906098-BD72-4042-9669-75C3979DEA29}.Release|Any CPU.Build.0 = Release|Any CPU
		{44F7FE2A-C6CD-4186-8CA1-7A80579D9D42}.Debug|Any CPU.ActiveCfg = Debug|Any CPU
		{44F7FE2A-C6CD-4186-8CA1-7A80579D9D42}.Debug|Any CPU.Build.0 = Debug|Any CPU
		{44F7FE2A-C6CD-4186-8CA1-7A80579D9D42}.Release|Any CPU.ActiveCfg = Release|Any CPU
		{44F7FE2A-C6CD-4186-8CA1-7A80579D9D42}.Release|Any CPU.Build.0 = Release|Any CPU
	EndGlobalSection
	GlobalSection(SolutionProperties) = preSolution
		HideSolutionNode = FALSE
	EndGlobalSection
	GlobalSection(NestedProjects) = preSolution
		{FD85528F-97DA-4E18-848A-B83D7EADED12} = {884CCD0A-3132-4850-AE40-0D3D28BF372B}
		{9B71B081-9C4C-467E-9F35-B9B940541849} = {89D3B44C-6E1D-49FE-833C-CE62B3958533}
		{F7F316F3-C99C-4737-B648-50B608029601} = {D62CB65D-ADA1-4722-A929-1756BB38D243}
		{8F6E3A00-8115-4EB5-8A5B-C08B3FB00911} = {D62CB65D-ADA1-4722-A929-1756BB38D243}
		{909A2A47-A8DB-4E96-B00B-89C5FEFC5F2F} = {CBF37732-EF38-47EE-85CE-1DD6BF968C86}
		{44F7FE2A-C6CD-4186-8CA1-7A80579D9D42} = {909A2A47-A8DB-4E96-B00B-89C5FEFC5F2F}
	EndGlobalSection
	GlobalSection(ExtensibilityGlobals) = postSolution
		SolutionGuid = {DFA00FC1-259B-4355-B299-B5FC4B6CB45C}
	EndGlobalSection
EndGlobal
